// !$*UTF8*$!
{
	archiveVersion = 1;
	classes = {
	};
	objectVersion = 77;
	objects = {

/* Begin PBXBuildFile section */
		465B677F2F372CEC00EA9BFA /* ElliptiqueModal.swift in Sources */ = {isa = PBXBuildFile; fileRef = 465B67622F372CEC00EA9BFA /* ElliptiqueModal.swift */; };
		465B67802F372CEC00EA9BFA /* HeartRateModal.swift in Sources */ = {isa = PBXBuildFile; fileRef = 465B67642F372CEC00EA9BFA /* HeartRateModal.swift */; };
		465B67812F372CEC00EA9BFA /* HometrainerModal.swift in Sources */ = {isa = PBXBuildFile; fileRef = 465B67652F372CEC00EA9BFA /* HometrainerModal.swift */; };
		465B67832F372CEC00EA9BFA /* MarcheModal.swift in Sources */ = {isa = PBXBuildFile; fileRef = 465B67672F372CEC00EA9BFA /* MarcheModal.swift */; };
		465B67842F372CEC00EA9BFA /* MerModal.swift in Sources */ = {isa = PBXBuildFile; fileRef = 465B67682F372CEC00EA9BFA /* MerModal.swift */; };
		465B67852F372CEC00EA9BFA /* PiscineModal.swift in Sources */ = {isa = PBXBuildFile; fileRef = 465B67692F372CEC00EA9BFA /* PiscineModal.swift */; };
		465B67862F372CEC00EA9BFA /* PisteModal.swift in Sources */ = {isa = PBXBuildFile; fileRef = 465B676A2F372CEC00EA9BFA /* PisteModal.swift */; };
		465B67872F372CEC00EA9BFA /* RameurModal.swift in Sources */ = {isa = PBXBuildFile; fileRef = 465B676B2F372CEC00EA9BFA /* RameurModal.swift */; };
		465B67882F372CEC00EA9BFA /* RouteModal.swift in Sources */ = {isa = PBXBuildFile; fileRef = 465B676C2F372CEC00EA9BFA /* RouteModal.swift */; };
		465B678C2F372CEC00EA9BFA /* TapisModal.swift in Sources */ = {isa = PBXBuildFile; fileRef = 465B67712F372CEC00EA9BFA /* TapisModal.swift */; };
		465B67922F372CEC00EA9BFA /* TriathlonModal.swift in Sources */ = {isa = PBXBuildFile; fileRef = 465B67772F372CEC00EA9BFA /* TriathlonModal.swift */; };
		465B67932F372CEC00EA9BFA /* UserProfileModal.swift in Sources */ = {isa = PBXBuildFile; fileRef = 465B67782F372CEC00EA9BFA /* UserProfileModal.swift */; };
		465B67942F372CEC00EA9BFA /* VttModal.swift in Sources */ = {isa = PBXBuildFile; fileRef = 465B67792F372CEC00EA9BFA /* VttModal.swift */; };
		4666F6112F406D5E006482CC /* TousModal.swift in Sources */ = {isa = PBXBuildFile; fileRef = 4666F6102F406D45006482CC /* TousModal.swift */; };
		4697413C2F49AE83004002BA /* Addtrainingmodal.swift in Sources */ = {isa = PBXBuildFile; fileRef = 4697413B2F49AE78004002BA /* Addtrainingmodal.swift */; };
		46B312E42F351B9500F42737 /* SDWebImageSwiftUI in Frameworks */ = {isa = PBXBuildFile; productRef = 46B312E32F351B9500F42737 /* SDWebImageSwiftUI */; };
/* End PBXBuildFile section */

/* Begin PBXFileReference section */
		465B67622F372CEC00EA9BFA /* ElliptiqueModal.swift */ = {isa = PBXFileReference; lastKnownFileType = sourcecode.swift; path = ElliptiqueModal.swift; sourceTree = "<group>"; };
		465B67642F372CEC00EA9BFA /* HeartRateModal.swift */ = {isa = PBXFileReference; lastKnownFileType = sourcecode.swift; path = HeartRateModal.swift; sourceTree = "<group>"; };
		465B67652F372CEC00EA9BFA /* HometrainerModal.swift */ = {isa = PBXFileReference; lastKnownFileType = sourcecode.swift; path = HometrainerModal.swift; sourceTree = "<group>"; };
		465B67672F372CEC00EA9BFA /* MarcheModal.swift */ = {isa = PBXFileReference; lastKnownFileType = sourcecode.swift; path = MarcheModal.swift; sourceTree = "<group>"; };
		465B67682F372CEC00EA9BFA /* MerModal.swift */ = {isa = PBXFileReference; lastKnownFileType = sourcecode.swift; path = MerModal.swift; sourceTree = "<group>"; };
		465B67692F372CEC00EA9BFA /* PiscineModal.swift */ = {isa = PBXFileReference; lastKnownFileType = sourcecode.swift; path = PiscineModal.swift; sourceTree = "<group>"; };
		465B676A2F372CEC00EA9BFA /* PisteModal.swift */ = {isa = PBXFileReference; lastKnownFileType = sourcecode.swift; path = PisteModal.swift; sourceTree = "<group>"; };
		465B676B2F372CEC00EA9BFA /* RameurModal.swift */ = {isa = PBXFileReference; lastKnownFileType = sourcecode.swift; path = RameurModal.swift; sourceTree = "<group>"; };
		465B676C2F372CEC00EA9BFA /* RouteModal.swift */ = {isa = PBXFileReference; lastKnownFileType = sourcecode.swift; path = RouteModal.swift; sourceTree = "<group>"; };
		465B67712F372CEC00EA9BFA /* TapisModal.swift */ = {isa = PBXFileReference; lastKnownFileType = sourcecode.swift; path = TapisModal.swift; sourceTree = "<group>"; };
		465B67772F372CEC00EA9BFA /* TriathlonModal.swift */ = {isa = PBXFileReference; lastKnownFileType = sourcecode.swift; path = TriathlonModal.swift; sourceTree = "<group>"; };
		465B67782F372CEC00EA9BFA /* UserProfileModal.swift */ = {isa = PBXFileReference; lastKnownFileType = sourcecode.swift; path = UserProfileModal.swift; sourceTree = "<group>"; };
		465B67792F372CEC00EA9BFA /* VttModal.swift */ = {isa = PBXFileReference; lastKnownFileType = sourcecode.swift; path = VttModal.swift; sourceTree = "<group>"; };
		4666F6102F406D45006482CC /* TousModal.swift */ = {isa = PBXFileReference; lastKnownFileType = sourcecode.swift; path = TousModal.swift; sourceTree = "<group>"; };
		4667CCD02ED2468B00F05F12 /* Suivi Sportif.app */ = {isa = PBXFileReference; explicitFileType = wrapper.application; includeInIndex = 0; path = "Suivi Sportif.app"; sourceTree = BUILT_PRODUCTS_DIR; };
		4697413B2F49AE78004002BA /* Addtrainingmodal.swift */ = {isa = PBXFileReference; lastKnownFileType = sourcecode.swift; path = Addtrainingmodal.swift; sourceTree = "<group>"; };
/* End PBXFileReference section */

/* Begin PBXFileSystemSynchronizedRootGroup section */
		4667CCD22ED2468B00F05F12 /* Suivi Sportif */ = {
			isa = PBXFileSystemSynchronizedRootGroup;
			path = "Suivi Sportif";
			sourceTree = "<group>";
		};
/* End PBXFileSystemSynchronizedRootGroup section */

/* Begin PBXFrameworksBuildPhase section */
		4667CCCD2ED2468B00F05F12 /* Frameworks */ = {
			isa = PBXFrameworksBuildPhase;
			buildActionMask = 2147483647;
			files = (
				46B312E42F351B9500F42737 /* SDWebImageSwiftUI in Frameworks */,
			);
			runOnlyForDeploymentPostprocessing = 0;
		};
/* End PBXFrameworksBuildPhase section */

/* Begin PBXGroup section */
		465B67AB2F37379D00EA9BFA /* Modals */ = {
			isa = PBXGroup;
			children = (
				465B67AF2F37690100EA9BFA /* Health */,
				465B67AE2F3768BA00EA9BFA /* Profile */,
				465B67AD2F37647300EA9BFA /* Ajout entrainement */,
				465B67AC2F37386100EA9BFA /* Sports */,
			);
			path = Modals;
			sourceTree = "<group>";
		};
		465B67AC2F37386100EA9BFA /* Sports */ = {
			isa = PBXGroup;
			children = (
				465B67622F372CEC00EA9BFA /* ElliptiqueModal.swift */,
				465B67672F372CEC00EA9BFA /* MarcheModal.swift */,
				4666F6102F406D45006482CC /* TousModal.swift */,
				465B676A2F372CEC00EA9BFA /* PisteModal.swift */,
				465B676B2F372CEC00EA9BFA /* RameurModal.swift */,
				465B67712F372CEC00EA9BFA /* TapisModal.swift */,
				465B67792F372CEC00EA9BFA /* VttModal.swift */,
				465B676C2F372CEC00EA9BFA /* RouteModal.swift */,
				465B67692F372CEC00EA9BFA /* PiscineModal.swift */,
				465B67682F372CEC00EA9BFA /* MerModal.swift */,
				465B67652F372CEC00EA9BFA /* HometrainerModal.swift */,
				465B67772F372CEC00EA9BFA /* TriathlonModal.swift */,
			);
			path = Sports;
			sourceTree = "<group>";
		};
		465B67AD2F37647300EA9BFA /* Ajout entrainement */ = {
			isa = PBXGroup;
			children = (
				4697413B2F49AE78004002BA /* Addtrainingmodal.swift */,
			);
			path = "Ajout entrainement";
			sourceTree = "<group>";
		};
		465B67AE2F3768BA00EA9BFA /* Profile */ = {
			isa = PBXGroup;
			children = (
				465B67782F372CEC00EA9BFA /* UserProfileModal.swift */,
			);
			path = Profile;
			sourceTree = "<group>";
		};
		465B67AF2F37690100EA9BFA /* Health */ = {
			isa = PBXGroup;
			children = (
				465B67642F372CEC00EA9BFA /* HeartRateModal.swift */,
			);
			path = Health;
			sourceTree = "<group>";
		};
		4667CCC72ED2468B00F05F12 = {
			isa = PBXGroup;
			children = (
				465B67AB2F37379D00EA9BFA /* Modals */,
				4667CCD22ED2468B00F05F12 /* Suivi Sportif */,
				4667CCD12ED2468B00F05F12 /* Products */,
			);
			sourceTree = "<group>";
		};
		4667CCD12ED2468B00F05F12 /* Products */ = {
			isa = PBXGroup;
			children = (
				4667CCD02ED2468B00F05F12 /* Suivi Sportif.app */,
			);
			name = Products;
			sourceTree = "<group>";
		};
/* End PBXGroup section */

/* Begin PBXNativeTarget section */
		4667CCCF2ED2468B00F05F12 /* Suivi Sportif */ = {
			isa = PBXNativeTarget;
			buildConfigurationList = 4667CCDB2ED2468D00F05F12 /* Build configuration list for PBXNativeTarget "Suivi Sportif" */;
			buildPhases = (
				4667CCCC2ED2468B00F05F12 /* Sources */,
				4667CCCD2ED2468B00F05F12 /* Frameworks */,
				4667CCCE2ED2468B00F05F12 /* Resources */,
			);
			buildRules = (
			);
			dependencies = (
			);
			fileSystemSynchronizedGroups = (
				4667CCD22ED2468B00F05F12 /* Suivi Sportif */,
			);
			name = "Suivi Sportif";
			packageProductDependencies = (
				46B312E32F351B9500F42737 /* SDWebImageSwiftUI */,
			);
			productName = "Suivi Sportif";
			productReference = 4667CCD02ED2468B00F05F12 /* Suivi Sportif.app */;
			productType = "com.apple.product-type.application";
		};
/* End PBXNativeTarget section */

/* Begin PBXProject section */
		4667CCC82ED2468B00F05F12 /* Project object */ = {
			isa = PBXProject;
			attributes = {
				BuildIndependentTargetsInParallel = 1;
				LastSwiftUpdateCheck = 2610;
				LastUpgradeCheck = 2610;
				TargetAttributes = {
					4667CCCF2ED2468B00F05F12 = {
						CreatedOnToolsVersion = 26.1.1;
					};
				};
			};
			buildConfigurationList = 4667CCCB2ED2468B00F05F12 /* Build configuration list for PBXProject "Suivi Sportif" */;
			developmentRegion = en;
			hasScannedForEncodings = 0;
			knownRegions = (
				en,
				Base,
			);
			mainGroup = 4667CCC72ED2468B00F05F12;
			minimizedProjectReferenceProxies = 1;
			packageReferences = (
				46B312E22F351B9500F42737 /* XCRemoteSwiftPackageReference "SDWebImageSwiftUI" */,
			);
			preferredProjectObjectVersion = 77;
			productRefGroup = 4667CCD12ED2468B00F05F12 /* Products */;
			projectDirPath = "";
			projectRoot = "";
			targets = (
				4667CCCF2ED2468B00F05F12 /* Suivi Sportif */,
			);
		};
/* End PBXProject section */

/* Begin PBXResourcesBuildPhase section */
		4667CCCE2ED2468B00F05F12 /* Resources */ = {
			isa = PBXResourcesBuildPhase;
			buildActionMask = 2147483647;
			files = (
			);
			runOnlyForDeploymentPostprocessing = 0;
		};
/* End PBXResourcesBuildPhase section */

/* Begin PBXSourcesBuildPhase section */
		4667CCCC2ED2468B00F05F12 /* Sources */ = {
			isa = PBXSourcesBuildPhase;
			buildActionMask = 2147483647;
			files = (
				465B677F2F372CEC00EA9BFA /* ElliptiqueModal.swift in Sources */,
				4666F6112F406D5E006482CC /* TousModal.swift in Sources */,
				465B67802F372CEC00EA9BFA /* HeartRateModal.swift in Sources */,
				465B67812F372CEC00EA9BFA /* HometrainerModal.swift in Sources */,
				465B67832F372CEC00EA9BFA /* MarcheModal.swift in Sources */,
				4697413C2F49AE83004002BA /* Addtrainingmodal.swift in Sources */,
				465B67842F372CEC00EA9BFA /* MerModal.swift in Sources */,
				465B67852F372CEC00EA9BFA /* PiscineModal.swift in Sources */,
				465B67862F372CEC00EA9BFA /* PisteModal.swift in Sources */,
				465B67872F372CEC00EA9BFA /* RameurModal.swift in Sources */,
				465B67882F372CEC00EA9BFA /* RouteModal.swift in Sources */,
				465B678C2F372CEC00EA9BFA /* TapisModal.swift in Sources */,
				465B67922F372CEC00EA9BFA /* TriathlonModal.swift in Sources */,
				465B67932F372CEC00EA9BFA /* UserProfileModal.swift in Sources */,
				465B67942F372CEC00EA9BFA /* VttModal.swift in Sources */,
			);
			runOnlyForDeploymentPostprocessing = 0;
		};
/* End PBXSourcesBuildPhase section */

/* Begin XCBuildConfiguration section */
		4667CCD92ED2468D00F05F12 /* Debug */ = {
			isa = XCBuildConfiguration;
			buildSettings = {
				ALWAYS_SEARCH_USER_PATHS = NO;
				ASSETCATALOG_COMPILER_GENERATE_SWIFT_ASSET_SYMBOL_EXTENSIONS = YES;
				CLANG_ANALYZER_NONNULL = YES;
				CLANG_ANALYZER_NUMBER_OBJECT_CONVERSION = YES_AGGRESSIVE;
				CLANG_CXX_LANGUAGE_STANDARD = "gnu++20";
				CLANG_ENABLE_MODULES = YES;
				CLANG_ENABLE_OBJC_ARC = YES;
				CLANG_ENABLE_OBJC_WEAK = YES;
				CLANG_WARN_BLOCK_CAPTURE_AUTORELEASING = YES;
				CLANG_WARN_BOOL_CONVERSION = YES;
				CLANG_WARN_COMMA = YES;
				CLANG_WARN_CONSTANT_CONVERSION = YES;
				CLANG_WARN_DEPRECATED_OBJC_IMPLEMENTATIONS = YES;
				CLANG_WARN_DIRECT_OBJC_ISA_USAGE = YES_ERROR;
				CLANG_WARN_DOCUMENTATION_COMMENTS = YES;
				CLANG_WARN_EMPTY_BODY = YES;
				CLANG_WARN_ENUM_CONVERSION = YES;
				CLANG_WARN_INFINITE_RECURSION = YES;
				CLANG_WARN_INT_CONVERSION = YES;
				CLANG_WARN_NON_LITERAL_NULL_CONVERSION = YES;
				CLANG_WARN_OBJC_IMPLICIT_RETAIN_SELF = YES;
				CLANG_WARN_OBJC_LITERAL_CONVERSION = YES;
				CLANG_WARN_OBJC_ROOT_CLASS = YES_ERROR;
				CLANG_WARN_QUOTED_INCLUDE_IN_FRAMEWORK_HEADER = YES;
				CLANG_WARN_RANGE_LOOP_ANALYSIS = YES;
				CLANG_WARN_STRICT_PROTOTYPES = YES;
				CLANG_WARN_SUSPICIOUS_MOVE = YES;
				CLANG_WARN_UNGUARDED_AVAILABILITY = YES_AGGRESSIVE;
				CLANG_WARN_UNREACHABLE_CODE = YES;
				CLANG_WARN__DUPLICATE_METHOD_MATCH = YES;
				COPY_PHASE_STRIP = NO;
				DEBUG_INFORMATION_FORMAT = dwarf;
				ENABLE_STRICT_OBJC_MSGSEND = YES;
				ENABLE_TESTABILITY = YES;
				ENABLE_USER_SCRIPT_SANDBOXING = YES;
				GCC_C_LANGUAGE_STANDARD = gnu17;
				GCC_DYNAMIC_NO_PIC = NO;
				GCC_NO_COMMON_BLOCKS = YES;
				GCC_OPTIMIZATION_LEVEL = 0;
				GCC_PREPROCESSOR_DEFINITIONS = (
					"DEBUG=1",
					"$(inherited)",
				);
				GCC_WARN_64_TO_32_BIT_CONVERSION = YES;
				GCC_WARN_ABOUT_RETURN_TYPE = YES_ERROR;
				GCC_WARN_UNDECLARED_SELECTOR = YES;
				GCC_WARN_UNINITIALIZED_AUTOS = YES_AGGRESSIVE;
				GCC_WARN_UNUSED_FUNCTION = YES;
				GCC_WARN_UNUSED_VARIABLE = YES;
				LOCALIZATION_PREFERS_STRING_CATALOGS = YES;
				MACOSX_DEPLOYMENT_TARGET = 26.1;
				MTL_ENABLE_DEBUG_INFO = INCLUDE_SOURCE;
				MTL_FAST_MATH = YES;
				ONLY_ACTIVE_ARCH = YES;
				SDKROOT = macosx;
				SWIFT_ACTIVE_COMPILATION_CONDITIONS = "DEBUG $(inherited)";
				SWIFT_OPTIMIZATION_LEVEL = "-Onone";
			};
			name = Debug;
		};
		4667CCDA2ED2468D00F05F12 /* Release */ = {
			isa = XCBuildConfiguration;
			buildSettings = {
				ALWAYS_SEARCH_USER_PATHS = NO;
				ASSETCATALOG_COMPILER_GENERATE_SWIFT_ASSET_SYMBOL_EXTENSIONS = YES;
				CLANG_ANALYZER_NONNULL = YES;
				CLANG_ANALYZER_NUMBER_OBJECT_CONVERSION = YES_AGGRESSIVE;
				CLANG_CXX_LANGUAGE_STANDARD = "gnu++20";
				CLANG_ENABLE_MODULES = YES;
				CLANG_ENABLE_OBJC_ARC = YES;
				CLANG_ENABLE_OBJC_WEAK = YES;
				CLANG_WARN_BLOCK_CAPTURE_AUTORELEASING = YES;
				CLANG_WARN_BOOL_CONVERSION = YES;
				CLANG_WARN_COMMA = YES;
				CLANG_WARN_CONSTANT_CONVERSION = YES;
				CLANG_WARN_DEPRECATED_OBJC_IMPLEMENTATIONS = YES;
				CLANG_WARN_DIRECT_OBJC_ISA_USAGE = YES_ERROR;
				CLANG_WARN_DOCUMENTATION_COMMENTS = YES;
				CLANG_WARN_EMPTY_BODY = YES;
				CLANG_WARN_ENUM_CONVERSION = YES;
				CLANG_WARN_INFINITE_RECURSION = YES;
				CLANG_WARN_INT_CONVERSION = YES;
				CLANG_WARN_NON_LITERAL_NULL_CONVERSION = YES;
				CLANG_WARN_OBJC_IMPLICIT_RETAIN_SELF = YES;
				CLANG_WARN_OBJC_LITERAL_CONVERSION = YES;
				CLANG_WARN_OBJC_ROOT_CLASS = YES_ERROR;
				CLANG_WARN_QUOTED_INCLUDE_IN_FRAMEWORK_HEADER = YES;
				CLANG_WARN_RANGE_LOOP_ANALYSIS = YES;
				CLANG_WARN_STRICT_PROTOTYPES = YES;
				CLANG_WARN_SUSPICIOUS_MOVE = YES;
				CLANG_WARN_UNGUARDED_AVAILABILITY = YES_AGGRESSIVE;
				CLANG_WARN_UNREACHABLE_CODE = YES;
				CLANG_WARN__DUPLICATE_METHOD_MATCH = YES;
				COPY_PHASE_STRIP = NO;
				DEBUG_INFORMATION_FORMAT = "dwarf-with-dsym";
				ENABLE_NS_ASSERTIONS = NO;
				ENABLE_STRICT_OBJC_MSGSEND = YES;
				ENABLE_USER_SCRIPT_SANDBOXING = YES;
				GCC_C_LANGUAGE_STANDARD = gnu17;
				GCC_NO_COMMON_BLOCKS = YES;
				GCC_WARN_64_TO_32_BIT_CONVERSION = YES;
				GCC_WARN_ABOUT_RETURN_TYPE = YES_ERROR;
				GCC_WARN_UNDECLARED_SELECTOR = YES;
				GCC_WARN_UNINITIALIZED_AUTOS = YES_AGGRESSIVE;
				GCC_WARN_UNUSED_FUNCTION = YES;
				GCC_WARN_UNUSED_VARIABLE = YES;
				LOCALIZATION_PREFERS_STRING_CATALOGS = YES;
				MACOSX_DEPLOYMENT_TARGET = 26.1;
				MTL_ENABLE_DEBUG_INFO = NO;
				MTL_FAST_MATH = YES;
				SDKROOT = macosx;
				SWIFT_COMPILATION_MODE = wholemodule;
			};
			name = Release;
		};
		4667CCDC2ED2468D00F05F12 /* Debug */ = {
			isa = XCBuildConfiguration;
			buildSettings = {
				ASSETCATALOG_COMPILER_APPICON_NAME = AppIcon;
				ASSETCATALOG_COMPILER_GLOBAL_ACCENT_COLOR_NAME = AccentColor;
				CODE_SIGN_STYLE = Automatic;
				COMBINE_HIDPI_IMAGES = YES;
				CURRENT_PROJECT_VERSION = 1;
				ENABLE_APP_SANDBOX = YES;
				ENABLE_PREVIEWS = YES;
				ENABLE_USER_SELECTED_FILES = readonly;
				GENERATE_INFOPLIST_FILE = YES;
				INFOPLIST_KEY_NSHumanReadableCopyright = "";
				LD_RUNPATH_SEARCH_PATHS = (
					"$(inherited)",
					"@executable_path/../Frameworks",
				);
				MARKETING_VERSION = 1.0;
				PRODUCT_BUNDLE_IDENTIFIER = "fr.yves-george.Suivi-Sportif";
				PRODUCT_NAME = "$(TARGET_NAME)";
				REGISTER_APP_GROUPS = YES;
				STRING_CATALOG_GENERATE_SYMBOLS = YES;
				SWIFT_APPROACHABLE_CONCURRENCY = YES;
				SWIFT_DEFAULT_ACTOR_ISOLATION = MainActor;
				SWIFT_EMIT_LOC_STRINGS = YES;
				SWIFT_UPCOMING_FEATURE_MEMBER_IMPORT_VISIBILITY = YES;
				SWIFT_VERSION = 5.0;
			};
			name = Debug;
		};
		4667CCDD2ED2468D00F05F12 /* Release */ = {
			isa = XCBuildConfiguration;
			buildSettings = {
				ASSETCATALOG_COMPILER_APPICON_NAME = AppIcon;
				ASSETCATALOG_COMPILER_GLOBAL_ACCENT_COLOR_NAME = AccentColor;
				CODE_SIGN_STYLE = Automatic;
				COMBINE_HIDPI_IMAGES = YES;
				CURRENT_PROJECT_VERSION = 1;
				ENABLE_APP_SANDBOX = YES;
				ENABLE_PREVIEWS = YES;
				ENABLE_USER_SELECTED_FILES = readonly;
				GENERATE_INFOPLIST_FILE = YES;
				INFOPLIST_KEY_NSHumanReadableCopyright = "";
				LD_RUNPATH_SEARCH_PATHS = (
					"$(inherited)",
					"@executable_path/../Frameworks",
				);
				MARKETING_VERSION = 1.0;
				PRODUCT_BUNDLE_IDENTIFIER = "fr.yves-george.Suivi-Sportif";
				PRODUCT_NAME = "$(TARGET_NAME)";
				REGISTER_APP_GROUPS = YES;
				STRING_CATALOG_GENERATE_SYMBOLS = YES;
				SWIFT_APPROACHABLE_CONCURRENCY = YES;
				SWIFT_DEFAULT_ACTOR_ISOLATION = MainActor;
				SWIFT_EMIT_LOC_STRINGS = YES;
				SWIFT_UPCOMING_FEATURE_MEMBER_IMPORT_VISIBILITY = YES;
				SWIFT_VERSION = 5.0;
			};
			name = Release;
		};
/* End XCBuildConfiguration section */

/* Begin XCConfigurationList section */
		4667CCCB2ED2468B00F05F12 /* Build configuration list for PBXProject "Suivi Sportif" */ = {
			isa = XCConfigurationList;
			buildConfigurations = (
				4667CCD92ED2468D00F05F12 /* Debug */,
				4667CCDA2ED2468D00F05F12 /* Release */,
			);
			defaultConfigurationIsVisible = 0;
			defaultConfigurationName = Release;
		};
		4667CCDB2ED2468D00F05F12 /* Build configuration list for PBXNativeTarget "Suivi Sportif" */ = {
			isa = XCConfigurationList;
			buildConfigurations = (
				4667CCDC2ED2468D00F05F12 /* Debug */,
				4667CCDD2ED2468D00F05F12 /* Release */,
			);
			defaultConfigurationIsVisible = 0;
			defaultConfigurationName = Release;
		};
/* End XCConfigurationList section */

/* Begin XCRemoteSwiftPackageReference section */
		46B312E22F351B9500F42737 /* XCRemoteSwiftPackageReference "SDWebImageSwiftUI" */ = {
			isa = XCRemoteSwiftPackageReference;
			repositoryURL = "https://github.com/SDWebImage/SDWebImageSwiftUI.git";
			requirement = {
				kind = upToNextMajorVersion;
				minimumVersion = 3.1.4;
			};
		};
/* End XCRemoteSwiftPackageReference section */

/* Begin XCSwiftPackageProductDependency section */
		46B312E32F351B9500F42737 /* SDWebImageSwiftUI */ = {
			isa = XCSwiftPackageProductDependency;
			package = 46B312E22F351B9500F42737 /* XCRemoteSwiftPackageReference "SDWebImageSwiftUI" */;
			productName = SDWebImageSwiftUI;
		};
/* End XCSwiftPackageProductDependency section */
	};
	rootObject = 4667CCC82ED2468B00F05F12 /* Project object */;
}
